
Microsoft Visual Studio Solution File, Format Version 12.00
# Visual Studio 14
VisualStudioVersion = 14.0.25420.1
MinimumVisualStudioVersion = 10.0.40219.1
Project("{FAE04EC0-301F-11D3-BF4B-00C04F79EFBC}") = "CoordConvertersBLL", "CoordConvertersBLL\CoordConvertersBLL.csproj", "{98B9A15F-E482-4ACA-B306-D23F392557A1}"
EndProject
Project("{FAE04EC0-301F-11D3-BF4B-00C04F79EFBC}") = "CoordConvertersBLLTest", "ClassLibrary1\CoordConvertersBLLTest.csproj", "{40E3D33D-75BA-4AF4-BD1D-4C20AF1136A9}"
EndProject
Project("{FAE04EC0-301F-11D3-BF4B-00C04F79EFBC}") = "CoordConverterConsole", "CoordConverterConsole\CoordConverterConsole.csproj", "{D12F68B5-2DFB-4316-B7EF-37F927013CC4}"
EndProject
Project("{FAE04EC0-301F-11D3-BF4B-00C04F79EFBC}") = "CoordConverterWinApp", "CoordConverterWinApp\CoordConverterWinApp.csproj", "{DF754B11-50D2-48CF-9786-D3968B42727A}"
EndProject
Project("{FAE04EC0-301F-11D3-BF4B-00C04F79EFBC}") = "CoordConvertersBLLTests", "CoordConvertersBLLTests\CoordConvertersBLLTests.csproj", "{61B09B6B-930E-4A80-8C77-BD5502DBFB4D}"
EndProject
Global
	GlobalSection(SolutionConfigurationPlatforms) = preSolution
		Debug|Any CPU = Debug|Any CPU
		Release|Any CPU = Release|Any CPU
	EndGlobalSection
	GlobalSection(ProjectConfigurationPlatforms) = postSolution
		{98B9A15F-E482-4ACA-B306-D23F392557A1}.Debug|Any CPU.ActiveCfg = Debug|Any CPU
		{98B9A15F-E482-4ACA-B306-D23F392557A1}.Debug|Any CPU.Build.0 = Debug|Any CPU
		{98B9A15F-E482-4ACA-B306-D23F392557A1}.Release|Any CPU.ActiveCfg = Release|Any CPU
		{98B9A15F-E482-4ACA-B306-D23F392557A1}.Release|Any CPU.Build.0 = Release|Any CPU
		{40E3D33D-75BA-4AF4-BD1D-4C20AF1136A9}.Debug|Any CPU.ActiveCfg = Debug|Any CPU
		{40E3D33D-75BA-4AF4-BD1D-4C20AF1136A9}.Debug|Any CPU.Build.0 = Debug|Any CPU
		{40E3D33D-75BA-4AF4-BD1D-4C20AF1136A9}.Release|Any CPU.ActiveCfg = Release|Any CPU
		{40E3D33D-75BA-4AF4-BD1D-4C20AF1136A9}.Release|Any CPU.Build.0 = Release|Any CPU
		{D12F68B5-2DFB-4316-B7EF-37F927013CC4}.Debug|Any CPU.ActiveCfg = Debug|Any CPU
		{D12F68B5-2DFB-4316-B7EF-37F927013CC4}.Debug|Any CPU.Build.0 = Debug|Any CPU
		{D12F68B5-2DFB-4316-B7EF-37F927013CC4}.Release|Any CPU.ActiveCfg = Release|Any CPU
		{D12F68B5-2DFB-4316-B7EF-37F927013CC4}.Release|Any CPU.Build.0 = Release|Any CPU
		{DF754B11-50D2-48CF-9786-D3968B42727A}.Debug|Any CPU.ActiveCfg = Debug|Any CPU
		{DF754B11-50D2-48CF-9786-D3968B42727A}.Debug|Any CPU.Build.0 = Debug|Any CPU
		{DF754B11-50D2-48CF-9786-D3968B42727A}.Release|Any CPU.ActiveCfg = Release|Any CPU
		{DF754B11-50D2-48CF-9786-D3968B42727A}.Release|Any CPU.Build.0 = Release|Any CPU
		{61B09B6B-930E-4A80-8C77-BD5502DBFB4D}.Debug|Any CPU.ActiveCfg = Debug|Any CPU
		{61B09B6B-930E-4A80-8C77-BD5502DBFB4D}.Debug|Any CPU.Build.0 = Debug|Any CPU
		{61B09B6B-930E-4A80-8C77-BD5502DBFB4D}.Release|Any CPU.ActiveCfg = Release|Any CPU
		{61B09B6B-930E-4A80-8C77-BD5502DBFB4D}.Release|Any CPU.Build.0 = Release|Any CPU
	EndGlobalSection
	GlobalSection(SolutionProperties) = preSolution
		HideSolutionNode = FALSE
	EndGlobalSection
EndGlobal
